github.com/buger/jsonparser v1.0.0 h1:etJTGF5ESxjI0Ic2UaLQs2LQQpa8G9ykQScukbh4L8A=
github.com/buger/jsonparser v1.0.0/go.mod h1:tgcrVJ81GPSF0mz+0nu1Xaz0fazGPrmmJfJtxjbHhUQ=
github.com/imroc/req v0.3.0 h1:3EioagmlSG+z+KySToa+Ylo3pTFZs+jh3Brl7ngU12U=
github.com/imroc/req v0.3.0/go.mod h1:F+NZ+2EFSo6EFXdeIbpfE9hcC233id70kf0byW97Caw=
